
Microsoft Visual Studio Solution File, Format Version 12.00
# Visual Studio Version 17
VisualStudioVersion = 17.2.32616.157
MinimumVisualStudioVersion = 10.0.40219.1
Project("{FAE04EC0-301F-11D3-BF4B-00C04F79EFBC}") = "WindowsFormsApp1", "WindowsFormsApp1\WindowsFormsApp1.csproj", "{CD709D4B-DB7F-405B-A914-B96AEA6E0809}"
EndProject
Project("{FAE04EC0-301F-11D3-BF4B-00C04F79EFBC}") = "Testirovanie", "Testirovanie\Testirovanie.csproj", "{CA70ECDC-D9AF-49C9-BAEA-3C6124A0B750}"
EndProject
Project("{FAE04EC0-301F-11D3-BF4B-00C04F79EFBC}") = "WebApplication1", "WebApplication1\WebApplication1.csproj", "{BF0F61E6-B7FC-449C-8EDF-76E519A5564B}"
EndProject
Global
	GlobalSection(SolutionConfigurationPlatforms) = preSolution
		Debug|Any CPU = Debug|Any CPU
		Release|Any CPU = Release|Any CPU
	EndGlobalSection
	GlobalSection(ProjectConfigurationPlatforms) = postSolution
		{CD709D4B-DB7F-405B-A914-B96AEA6E0809}.Debug|Any CPU.ActiveCfg = Debug|Any CPU
		{CD709D4B-DB7F-405B-A914-B96AEA6E0809}.Debug|Any CPU.Build.0 = Debug|Any CPU
		{CD709D4B-DB7F-405B-A914-B96AEA6E0809}.Release|Any CPU.ActiveCfg = Release|Any CPU
		{CD709D4B-DB7F-405B-A914-B96AEA6E0809}.Release|Any CPU.Build.0 = Release|Any CPU
		{CA70ECDC-D9AF-49C9-BAEA-3C6124A0B750}.Debug|Any CPU.ActiveCfg = Debug|Any CPU
		{CA70ECDC-D9AF-49C9-BAEA-3C6124A0B750}.Debug|Any CPU.Build.0 = Debug|Any CPU
		{CA70ECDC-D9AF-49C9-BAEA-3C6124A0B750}.Release|Any CPU.ActiveCfg = Release|Any CPU
		{CA70ECDC-D9AF-49C9-BAEA-3C6124A0B750}.Release|Any CPU.Build.0 = Release|Any CPU
		{BF0F61E6-B7FC-449C-8EDF-76E519A5564B}.Debug|Any CPU.ActiveCfg = Debug|Any CPU
		{BF0F61E6-B7FC-449C-8EDF-76E519A5564B}.Debug|Any CPU.Build.0 = Debug|Any CPU
		{BF0F61E6-B7FC-449C-8EDF-76E519A5564B}.Release|Any CPU.ActiveCfg = Release|Any CPU
		{BF0F61E6-B7FC-449C-8EDF-76E519A5564B}.Release|Any CPU.Build.0 = Release|Any CPU
	EndGlobalSection
	GlobalSection(SolutionProperties) = preSolution
		HideSolutionNode = FALSE
	EndGlobalSection
	GlobalSection(ExtensibilityGlobals) = postSolution
		SolutionGuid = {9C168C9E-4068-4CBA-BBA8-F5AAFA4AAF4D}
	EndGlobalSection
EndGlobal
